{
  "lockfileVersion": 1,
  "workspaces": {
    "": {
      "name": "digitec-live-feed-server",
      "dependencies": {
        "@prisma/client": "^6.0.1",
        "croner": "^9.0.0",
        "hono": "^4.6.13",
      },
      "devDependencies": {
        "prisma": "^6.0.1",
        "tsx": "^4.19.2",
        "typescript": "^5.7.2",
      },
    },
  },
  "packages": {
    "@esbuild/aix-ppc64": ["@esbuild/aix-ppc64@0.23.1", "", { "os": "aix", "cpu": "ppc64" }, "sha512-6VhYk1diRqrhBAqpJEdjASR/+WVRtfjpqKuNw11cLiaWpAT/Uu+nokB+UJnevzy/P9C/ty6AOe0dwueMrGh/iQ=="],

    "@esbuild/android-arm": ["@esbuild/android-arm@0.23.1", "", { "os": "android", "cpu": "arm" }, "sha512-uz6/tEy2IFm9RYOyvKl88zdzZfwEfKZmnX9Cj1BHjeSGNuGLuMD1kR8y5bteYmwqKm1tj8m4cb/aKEorr6fHWQ=="],

    "@esbuild/android-arm64": ["@esbuild/android-arm64@0.23.1", "", { "os": "android", "cpu": "arm64" }, "sha512-xw50ipykXcLstLeWH7WRdQuysJqejuAGPd30vd1i5zSyKK3WE+ijzHmLKxdiCMtH1pHz78rOg0BKSYOSB/2Khw=="],

    "@esbuild/android-x64": ["@esbuild/android-x64@0.23.1", "", { "os": "android", "cpu": "x64" }, "sha512-nlN9B69St9BwUoB+jkyU090bru8L0NA3yFvAd7k8dNsVH8bi9a8cUAUSEcEEgTp2z3dbEDGJGfP6VUnkQnlReg=="],

    "@esbuild/darwin-arm64": ["@esbuild/darwin-arm64@0.23.1", "", { "os": "darwin", "cpu": "arm64" }, "sha512-YsS2e3Wtgnw7Wq53XXBLcV6JhRsEq8hkfg91ESVadIrzr9wO6jJDMZnCQbHm1Guc5t/CdDiFSSfWP58FNuvT3Q=="],

    "@esbuild/darwin-x64": ["@esbuild/darwin-x64@0.23.1", "", { "os": "darwin", "cpu": "x64" }, "sha512-aClqdgTDVPSEGgoCS8QDG37Gu8yc9lTHNAQlsztQ6ENetKEO//b8y31MMu2ZaPbn4kVsIABzVLXYLhCGekGDqw=="],

    "@esbuild/freebsd-arm64": ["@esbuild/freebsd-arm64@0.23.1", "", { "os": "freebsd", "cpu": "arm64" }, "sha512-h1k6yS8/pN/NHlMl5+v4XPfikhJulk4G+tKGFIOwURBSFzE8bixw1ebjluLOjfwtLqY0kewfjLSrO6tN2MgIhA=="],

    "@esbuild/freebsd-x64": ["@esbuild/freebsd-x64@0.23.1", "", { "os": "freebsd", "cpu": "x64" }, "sha512-lK1eJeyk1ZX8UklqFd/3A60UuZ/6UVfGT2LuGo3Wp4/z7eRTRYY+0xOu2kpClP+vMTi9wKOfXi2vjUpO1Ro76g=="],

    "@esbuild/linux-arm": ["@esbuild/linux-arm@0.23.1", "", { "os": "linux", "cpu": "arm" }, "sha512-CXXkzgn+dXAPs3WBwE+Kvnrf4WECwBdfjfeYHpMeVxWE0EceB6vhWGShs6wi0IYEqMSIzdOF1XjQ/Mkm5d7ZdQ=="],

    "@esbuild/linux-arm64": ["@esbuild/linux-arm64@0.23.1", "", { "os": "linux", "cpu": "arm64" }, "sha512-/93bf2yxencYDnItMYV/v116zff6UyTjo4EtEQjUBeGiVpMmffDNUyD9UN2zV+V3LRV3/on4xdZ26NKzn6754g=="],

    "@esbuild/linux-ia32": ["@esbuild/linux-ia32@0.23.1", "", { "os": "linux", "cpu": "ia32" }, "sha512-VTN4EuOHwXEkXzX5nTvVY4s7E/Krz7COC8xkftbbKRYAl96vPiUssGkeMELQMOnLOJ8k3BY1+ZY52tttZnHcXQ=="],

    "@esbuild/linux-loong64": ["@esbuild/linux-loong64@0.23.1", "", { "os": "linux", "cpu": "none" }, "sha512-Vx09LzEoBa5zDnieH8LSMRToj7ir/Jeq0Gu6qJ/1GcBq9GkfoEAoXvLiW1U9J1qE/Y/Oyaq33w5p2ZWrNNHNEw=="],

    "@esbuild/linux-mips64el": ["@esbuild/linux-mips64el@0.23.1", "", { "os": "linux", "cpu": "none" }, "sha512-nrFzzMQ7W4WRLNUOU5dlWAqa6yVeI0P78WKGUo7lg2HShq/yx+UYkeNSE0SSfSure0SqgnsxPvmAUu/vu0E+3Q=="],

    "@esbuild/linux-ppc64": ["@esbuild/linux-ppc64@0.23.1", "", { "os": "linux", "cpu": "ppc64" }, "sha512-dKN8fgVqd0vUIjxuJI6P/9SSSe/mB9rvA98CSH2sJnlZ/OCZWO1DJvxj8jvKTfYUdGfcq2dDxoKaC6bHuTlgcw=="],

    "@esbuild/linux-riscv64": ["@esbuild/linux-riscv64@0.23.1", "", { "os": "linux", "cpu": "none" }, "sha512-5AV4Pzp80fhHL83JM6LoA6pTQVWgB1HovMBsLQ9OZWLDqVY8MVobBXNSmAJi//Csh6tcY7e7Lny2Hg1tElMjIA=="],

    "@esbuild/linux-s390x": ["@esbuild/linux-s390x@0.23.1", "", { "os": "linux", "cpu": "s390x" }, "sha512-9ygs73tuFCe6f6m/Tb+9LtYxWR4c9yg7zjt2cYkjDbDpV/xVn+68cQxMXCjUpYwEkze2RcU/rMnfIXNRFmSoDw=="],

    "@esbuild/linux-x64": ["@esbuild/linux-x64@0.23.1", "", { "os": "linux", "cpu": "x64" }, "sha512-EV6+ovTsEXCPAp58g2dD68LxoP/wK5pRvgy0J/HxPGB009omFPv3Yet0HiaqvrIrgPTBuC6wCH1LTOY91EO5hQ=="],

    "@esbuild/netbsd-x64": ["@esbuild/netbsd-x64@0.23.1", "", { "os": "none", "cpu": "x64" }, "sha512-aevEkCNu7KlPRpYLjwmdcuNz6bDFiE7Z8XC4CPqExjTvrHugh28QzUXVOZtiYghciKUacNktqxdpymplil1beA=="],

    "@esbuild/openbsd-arm64": ["@esbuild/openbsd-arm64@0.23.1", "", { "os": "openbsd", "cpu": "arm64" }, "sha512-3x37szhLexNA4bXhLrCC/LImN/YtWis6WXr1VESlfVtVeoFJBRINPJ3f0a/6LV8zpikqoUg4hyXw0sFBt5Cr+Q=="],

    "@esbuild/openbsd-x64": ["@esbuild/openbsd-x64@0.23.1", "", { "os": "openbsd", "cpu": "x64" }, "sha512-aY2gMmKmPhxfU+0EdnN+XNtGbjfQgwZj43k8G3fyrDM/UdZww6xrWxmDkuz2eCZchqVeABjV5BpildOrUbBTqA=="],

    "@esbuild/sunos-x64": ["@esbuild/sunos-x64@0.23.1", "", { "os": "sunos", "cpu": "x64" }, "sha512-RBRT2gqEl0IKQABT4XTj78tpk9v7ehp+mazn2HbUeZl1YMdaGAQqhapjGTCe7uw7y0frDi4gS0uHzhvpFuI1sA=="],

    "@esbuild/win32-arm64": ["@esbuild/win32-arm64@0.23.1", "", { "os": "win32", "cpu": "arm64" }, "sha512-4O+gPR5rEBe2FpKOVyiJ7wNDPA8nGzDuJ6gN4okSA1gEOYZ67N8JPk58tkWtdtPeLz7lBnY6I5L3jdsr3S+A6A=="],

    "@esbuild/win32-ia32": ["@esbuild/win32-ia32@0.23.1", "", { "os": "win32", "cpu": "ia32" }, "sha512-BcaL0Vn6QwCwre3Y717nVHZbAa4UBEigzFm6VdsVdT/MbZ38xoj1X9HPkZhbmaBGUD1W8vxAfffbDe8bA6AKnQ=="],

    "@esbuild/win32-x64": ["@esbuild/win32-x64@0.23.1", "", { "os": "win32", "cpu": "x64" }, "sha512-BHpFFeslkWrXWyUPnbKm+xYYVYruCinGcftSBaa8zoF9hZO4BcSCFUvHVTtzpIY6YzUnYtuEhZ+C9iEXjxnasg=="],

    "@prisma/client": ["@prisma/client@6.3.0", "", { "peerDependencies": { "prisma": "*", "typescript": ">=5.1.0" }, "optionalPeers": ["prisma", "typescript"] }, "sha512-BY3Fi28PUSk447Bpv22LhZp4HgNPo7NsEN+EteM1CLDnLjig5863jpW+3c3HHLFmml+nB/eJv1CjSriFZ8z7Cg=="],

    "@prisma/debug": ["@prisma/debug@6.3.0", "", {}, "sha512-m1lQv//0Rc5RG8TBpNUuLCxC35Ghi5XfpPmL83Gh04/GICHD2J5H2ndMlaljrUNaQDF9dOxIuFAYP1rE9wkXkg=="],

    "@prisma/engines": ["@prisma/engines@6.3.0", "", { "dependencies": { "@prisma/debug": "6.3.0", "@prisma/engines-version": "6.3.0-17.acc0b9dd43eb689cbd20c9470515d719db10d0b0", "@prisma/fetch-engine": "6.3.0", "@prisma/get-platform": "6.3.0" } }, "sha512-RXqYhlZb9sx/xkUfYIZuEPn7sT0WgTxNOuEYQ7AGw3IMpP9QGVEDVsluc/GcNkM8NTJszeqk8AplJzI9lm7Jxw=="],

    "@prisma/engines-version": ["@prisma/engines-version@6.3.0-17.acc0b9dd43eb689cbd20c9470515d719db10d0b0", "", {}, "sha512-R/ZcMuaWZT2UBmgX3Ko6PAV3f8//ZzsjRIG1eKqp3f2rqEqVtCv+mtzuH2rBPUC9ujJ5kCb9wwpxeyCkLcHVyA=="],

    "@prisma/fetch-engine": ["@prisma/fetch-engine@6.3.0", "", { "dependencies": { "@prisma/debug": "6.3.0", "@prisma/engines-version": "6.3.0-17.acc0b9dd43eb689cbd20c9470515d719db10d0b0", "@prisma/get-platform": "6.3.0" } }, "sha512-GBy0iT4f1mH31ePzfcpVSUa7JLRTeq4914FG2vR3LqDwRweSm4ja1o5flGDz+eVIa/BNYfkBvRRxv4D6ve6Eew=="],

    "@prisma/get-platform": ["@prisma/get-platform@6.3.0", "", { "dependencies": { "@prisma/debug": "6.3.0" } }, "sha512-V8zZ1d0xfyi6FjpNP4AcYuwSpGcdmu35OXWnTPm8IW594PYALzKXHwIa9+o0f+Lo9AecFWrwrwaoYe56UNfTtQ=="],

    "croner": ["croner@9.0.0", "", {}, "sha512-onMB0OkDjkXunhdW9htFjEhqrD54+M94i6ackoUkjHKbRnXdyEyKRelp4nJ1kAz32+s27jP1FsebpJCVl0BsvA=="],

    "esbuild": ["esbuild@0.23.1", "", { "optionalDependencies": { "@esbuild/aix-ppc64": "0.23.1", "@esbuild/android-arm": "0.23.1", "@esbuild/android-arm64": "0.23.1", "@esbuild/android-x64": "0.23.1", "@esbuild/darwin-arm64": "0.23.1", "@esbuild/darwin-x64": "0.23.1", "@esbuild/freebsd-arm64": "0.23.1", "@esbuild/freebsd-x64": "0.23.1", "@esbuild/linux-arm": "0.23.1", "@esbuild/linux-arm64": "0.23.1", "@esbuild/linux-ia32": "0.23.1", "@esbuild/linux-loong64": "0.23.1", "@esbuild/linux-mips64el": "0.23.1", "@esbuild/linux-ppc64": "0.23.1", "@esbuild/linux-riscv64": "0.23.1", "@esbuild/linux-s390x": "0.23.1", "@esbuild/linux-x64": "0.23.1", "@esbuild/netbsd-x64": "0.23.1", "@esbuild/openbsd-arm64": "0.23.1", "@esbuild/openbsd-x64": "0.23.1", "@esbuild/sunos-x64": "0.23.1", "@esbuild/win32-arm64": "0.23.1", "@esbuild/win32-ia32": "0.23.1", "@esbuild/win32-x64": "0.23.1" }, "bin": { "esbuild": "bin/esbuild" } }, "sha512-VVNz/9Sa0bs5SELtn3f7qhJCDPCF5oMEl5cO9/SSinpE9hbPVvxbd572HH5AKiP7WD8INO53GgfDDhRjkylHEg=="],

    "fsevents": ["fsevents@2.3.3", "", { "os": "darwin" }, "sha512-5xoDfX+fL7faATnagmWPpbFtwh/R77WmMMqqHGS65C3vvB0YHrgF+B1YmZ3441tMj5n63k0212XNoJwzlhffQw=="],

    "get-tsconfig": ["get-tsconfig@4.8.1", "", { "dependencies": { "resolve-pkg-maps": "^1.0.0" } }, "sha512-k9PN+cFBmaLWtVz29SkUoqU5O0slLuHJXt/2P+tMVFT+phsSGXGkp9t3rQIqdz0e+06EHNGs3oM6ZX1s2zHxRg=="],

    "hono": ["hono@4.6.20", "", {}, "sha512-5qfNQeaIptMaJKyoJ6N/q4gIq0DBp2FCRaLNuUI3LlJKL4S37DY/rLL1uAxA4wrPB39tJ3s+f7kgI79O4ScSug=="],

    "prisma": ["prisma@6.3.0", "", { "dependencies": { "@prisma/engines": "6.3.0" }, "optionalDependencies": { "fsevents": "2.3.3" }, "peerDependencies": { "typescript": ">=5.1.0" }, "optionalPeers": ["typescript"], "bin": { "prisma": "build/index.js" } }, "sha512-y+Zh3Qg+xGCWyyrNUUNaFW/OltaV/yXYuTa0WRgYkz5LGyifmAsgpv94I47+qGRocZrMGcbF2A/78/oO2zgifA=="],

    "resolve-pkg-maps": ["resolve-pkg-maps@1.0.0", "", {}, "sha512-seS2Tj26TBVOC2NIc2rOe2y2ZO7efxITtLZcGSOnHHNOQ7CkiUBfw0Iw2ck6xkIhPwLhKNLS8BO+hEpngQlqzw=="],

    "tsx": ["tsx@4.19.2", "", { "dependencies": { "esbuild": "~0.23.0", "get-tsconfig": "^4.7.5" }, "optionalDependencies": { "fsevents": "~2.3.3" }, "bin": { "tsx": "dist/cli.mjs" } }, "sha512-pOUl6Vo2LUq/bSa8S5q7b91cgNSjctn9ugq/+Mvow99qW6x/UZYwzxy/3NmqoT66eHYfCVvFvACC58UBPFf28g=="],

    "typescript": ["typescript@5.7.3", "", { "bin": { "tsc": "bin/tsc", "tsserver": "bin/tsserver" } }, "sha512-84MVSjMEHP+FQRPy3pX9sTVV/INIex71s9TL2Gm5FG/WG1SqXeKyZ0k7/blY/4FdOzI12CBy1vGc4og/eus0fw=="],
  }
}
